
Microsoft Visual Studio Solution File, Format Version 12.00
# Visual Studio Version 17
VisualStudioVersion = 17.13.35919.96
MinimumVisualStudioVersion = 10.0.40219.1
Project("{FAE04EC0-301F-11D3-BF4B-00C04F79EFBC}") = "ToDoList", "ToDoList.csproj", "{1023FDF6-2B75-45F9-9955-7077E2929557}"
EndProject
Project("{FAE04EC0-301F-11D3-BF4B-00C04F79EFBC}") = "DiceRollGame", "..\DiceRollGame\DiceRollGame\DiceRollGame.csproj", "{6427616A-5DD8-4603-9A17-780F704AE588}"
EndProject
Project("{FAE04EC0-301F-11D3-BF4B-00C04F79EFBC}") = "CookieCookbook", "CookieCookbook\CookieCookbook.csproj", "{CD5F2994-9FE2-4F58-9C5E-80C87F05B788}"
EndProject
Project("{FAE04EC0-301F-11D3-BF4B-00C04F79EFBC}") = "GameDataParser", "GameDataParser\GameDataParser.csproj", "{0E375477-A681-438A-96F8-852591FB8A2B}"
EndProject
Global
	GlobalSection(SolutionConfigurationPlatforms) = preSolution
		Debug|Any CPU = Debug|Any CPU
		Debug|x64 = Debug|x64
		Debug|x86 = Debug|x86
		Release|Any CPU = Release|Any CPU
		Release|x64 = Release|x64
		Release|x86 = Release|x86
	EndGlobalSection
	GlobalSection(ProjectConfigurationPlatforms) = postSolution
		{1023FDF6-2B75-45F9-9955-7077E2929557}.Debug|Any CPU.ActiveCfg = Debug|Any CPU
		{1023FDF6-2B75-45F9-9955-7077E2929557}.Debug|Any CPU.Build.0 = Debug|Any CPU
		{1023FDF6-2B75-45F9-9955-7077E2929557}.Debug|x64.ActiveCfg = Debug|Any CPU
		{1023FDF6-2B75-45F9-9955-7077E2929557}.Debug|x64.Build.0 = Debug|Any CPU
		{1023FDF6-2B75-45F9-9955-7077E2929557}.Debug|x86.ActiveCfg = Debug|Any CPU
		{1023FDF6-2B75-45F9-9955-7077E2929557}.Debug|x86.Build.0 = Debug|Any CPU
		{1023FDF6-2B75-45F9-9955-7077E2929557}.Release|Any CPU.ActiveCfg = Release|Any CPU
		{1023FDF6-2B75-45F9-9955-7077E2929557}.Release|Any CPU.Build.0 = Release|Any CPU
		{1023FDF6-2B75-45F9-9955-7077E2929557}.Release|x64.ActiveCfg = Release|Any CPU
		{1023FDF6-2B75-45F9-9955-7077E2929557}.Release|x64.Build.0 = Release|Any CPU
		{1023FDF6-2B75-45F9-9955-7077E2929557}.Release|x86.ActiveCfg = Release|Any CPU
		{1023FDF6-2B75-45F9-9955-7077E2929557}.Release|x86.Build.0 = Release|Any CPU
		{6427616A-5DD8-4603-9A17-780F704AE588}.Debug|Any CPU.ActiveCfg = Debug|Any CPU
		{6427616A-5DD8-4603-9A17-780F704AE588}.Debug|Any CPU.Build.0 = Debug|Any CPU
		{6427616A-5DD8-4603-9A17-780F704AE588}.Debug|x64.ActiveCfg = Debug|Any CPU
		{6427616A-5DD8-4603-9A17-780F704AE588}.Debug|x64.Build.0 = Debug|Any CPU
		{6427616A-5DD8-4603-9A17-780F704AE588}.Debug|x86.ActiveCfg = Debug|Any CPU
		{6427616A-5DD8-4603-9A17-780F704AE588}.Debug|x86.Build.0 = Debug|Any CPU
		{6427616A-5DD8-4603-9A17-780F704AE588}.Release|Any CPU.ActiveCfg = Release|Any CPU
		{6427616A-5DD8-4603-9A17-780F704AE588}.Release|Any CPU.Build.0 = Release|Any CPU
		{6427616A-5DD8-4603-9A17-780F704AE588}.Release|x64.ActiveCfg = Release|Any CPU
		{6427616A-5DD8-4603-9A17-780F704AE588}.Release|x64.Build.0 = Release|Any CPU
		{6427616A-5DD8-4603-9A17-780F704AE588}.Release|x86.ActiveCfg = Release|Any CPU
		{6427616A-5DD8-4603-9A17-780F704AE588}.Release|x86.Build.0 = Release|Any CPU
		{CD5F2994-9FE2-4F58-9C5E-80C87F05B788}.Debug|Any CPU.ActiveCfg = Debug|Any CPU
		{CD5F2994-9FE2-4F58-9C5E-80C87F05B788}.Debug|Any CPU.Build.0 = Debug|Any CPU
		{CD5F2994-9FE2-4F58-9C5E-80C87F05B788}.Debug|x64.ActiveCfg = Debug|Any CPU
		{CD5F2994-9FE2-4F58-9C5E-80C87F05B788}.Debug|x64.Build.0 = Debug|Any CPU
		{CD5F2994-9FE2-4F58-9C5E-80C87F05B788}.Debug|x86.ActiveCfg = Debug|Any CPU
		{CD5F2994-9FE2-4F58-9C5E-80C87F05B788}.Debug|x86.Build.0 = Debug|Any CPU
		{CD5F2994-9FE2-4F58-9C5E-80C87F05B788}.Release|Any CPU.ActiveCfg = Release|Any CPU
		{CD5F2994-9FE2-4F58-9C5E-80C87F05B788}.Release|Any CPU.Build.0 = Release|Any CPU
		{CD5F2994-9FE2-4F58-9C5E-80C87F05B788}.Release|x64.ActiveCfg = Release|Any CPU
		{CD5F2994-9FE2-4F58-9C5E-80C87F05B788}.Release|x64.Build.0 = Release|Any CPU
		{CD5F2994-9FE2-4F58-9C5E-80C87F05B788}.Release|x86.ActiveCfg = Release|Any CPU
		{CD5F2994-9FE2-4F58-9C5E-80C87F05B788}.Release|x86.Build.0 = Release|Any CPU
		{0E375477-A681-438A-96F8-852591FB8A2B}.Debug|Any CPU.ActiveCfg = Debug|Any CPU
		{0E375477-A681-438A-96F8-852591FB8A2B}.Debug|Any CPU.Build.0 = Debug|Any CPU
		{0E375477-A681-438A-96F8-852591FB8A2B}.Debug|x64.ActiveCfg = Debug|Any CPU
		{0E375477-A681-438A-96F8-852591FB8A2B}.Debug|x64.Build.0 = Debug|Any CPU
		{0E375477-A681-438A-96F8-852591FB8A2B}.Debug|x86.ActiveCfg = Debug|Any CPU
		{0E375477-A681-438A-96F8-852591FB8A2B}.Debug|x86.Build.0 = Debug|Any CPU
		{0E375477-A681-438A-96F8-852591FB8A2B}.Release|Any CPU.ActiveCfg = Release|Any CPU
		{0E375477-A681-438A-96F8-852591FB8A2B}.Release|Any CPU.Build.0 = Release|Any CPU
		{0E375477-A681-438A-96F8-852591FB8A2B}.Release|x64.ActiveCfg = Release|Any CPU
		{0E375477-A681-438A-96F8-852591FB8A2B}.Release|x64.Build.0 = Release|Any CPU
		{0E375477-A681-438A-96F8-852591FB8A2B}.Release|x86.ActiveCfg = Release|Any CPU
		{0E375477-A681-438A-96F8-852591FB8A2B}.Release|x86.Build.0 = Release|Any CPU
	EndGlobalSection
	GlobalSection(SolutionProperties) = preSolution
		HideSolutionNode = FALSE
	EndGlobalSection
	GlobalSection(ExtensibilityGlobals) = postSolution
		SolutionGuid = {57C3313C-4C5E-4822-9FEB-AB48ADD232F1}
	EndGlobalSection
EndGlobal
